// !$*UTF8*$!
{
	archiveVersion = 1;
	classes = {
	};
	objectVersion = 50;
	objects = {

/* Begin PBXBuildFile section */
		6B30FB1C269E45F40072E24D /* FavoriteButton.swift in Sources */ = {isa = PBXBuildFile; fileRef = 6B30FB1B269E45F40072E24D /* FavoriteButton.swift */; };
		6B36FD6A269AAFD70087A6BA /* CIrcleImage.swift in Sources */ = {isa = PBXBuildFile; fileRef = 6B36FD69269AAFD70087A6BA /* CIrcleImage.swift */; };
		6B36FD6C269AB3480087A6BA /* MapView.swift in Sources */ = {isa = PBXBuildFile; fileRef = 6B36FD6B269AB3480087A6BA /* MapView.swift */; };
		6B36FD6E269AB7DA0087A6BA /* landmarkData.json in Resources */ = {isa = PBXBuildFile; fileRef = 6B36FD6D269AB7DA0087A6BA /* landmarkData.json */; };
		6B36FD70269AB8160087A6BA /* Landmark.swift in Sources */ = {isa = PBXBuildFile; fileRef = 6B36FD6F269AB8160087A6BA /* Landmark.swift */; };
		6B36FD72269ABA4F0087A6BA /* ModelData.swift in Sources */ = {isa = PBXBuildFile; fileRef = 6B36FD71269ABA4F0087A6BA /* ModelData.swift */; };
		6B36FD77269ABEE50087A6BA /* LandmarkRow.swift in Sources */ = {isa = PBXBuildFile; fileRef = 6B36FD76269ABEE50087A6BA /* LandmarkRow.swift */; };
		6B36FD79269AC17B0087A6BA /* LandmarkList.swift in Sources */ = {isa = PBXBuildFile; fileRef = 6B36FD78269AC17B0087A6BA /* LandmarkList.swift */; };
		6B36FD7B269BA1D40087A6BA /* LandmarkDetail.swift in Sources */ = {isa = PBXBuildFile; fileRef = 6B36FD7A269BA1D40087A6BA /* LandmarkDetail.swift */; };
		6B6434A62692C4D500E3B7ED /* LandmarksApp.swift in Sources */ = {isa = PBXBuildFile; fileRef = 6B6434A52692C4D500E3B7ED /* LandmarksApp.swift */; };
		6B6434A82692C4D500E3B7ED /* ContentView.swift in Sources */ = {isa = PBXBuildFile; fileRef = 6B6434A72692C4D500E3B7ED /* ContentView.swift */; };
		6B6434AA2692C4D800E3B7ED /* Assets.xcassets in Resources */ = {isa = PBXBuildFile; fileRef = 6B6434A92692C4D800E3B7ED /* Assets.xcassets */; };
		6B6434AD2692C4D800E3B7ED /* Preview Assets.xcassets in Resources */ = {isa = PBXBuildFile; fileRef = 6B6434AC2692C4D800E3B7ED /* Preview Assets.xcassets */; };
		6B6434B82692C4D800E3B7ED /* LandmarksTests.swift in Sources */ = {isa = PBXBuildFile; fileRef = 6B6434B72692C4D800E3B7ED /* LandmarksTests.swift */; };
		6B6434C32692C4D800E3B7ED /* LandmarksUITests.swift in Sources */ = {isa = PBXBuildFile; fileRef = 6B6434C22692C4D800E3B7ED /* LandmarksUITests.swift */; };
/* End PBXBuildFile section */

/* Begin PBXContainerItemProxy section */
		6B6434B42692C4D800E3B7ED /* PBXContainerItemProxy */ = {
			isa = PBXContainerItemProxy;
			containerPortal = 6B64349A2692C4D500E3B7ED /* Project object */;
			proxyType = 1;
			remoteGlobalIDString = 6B6434A12692C4D500E3B7ED;
			remoteInfo = Landmarks;
		};
		6B6434BF2692C4D800E3B7ED /* PBXContainerItemProxy */ = {
			isa = PBXContainerItemProxy;
			containerPortal = 6B64349A2692C4D500E3B7ED /* Project object */;
			proxyType = 1;
			remoteGlobalIDString = 6B6434A12692C4D500E3B7ED;
			remoteInfo = Landmarks;
		};
/* End PBXContainerItemProxy section */

/* Begin PBXFileReference section */
		6B30FB1B269E45F40072E24D /* FavoriteButton.swift */ = {isa = PBXFileReference; lastKnownFileType = sourcecode.swift; path = FavoriteButton.swift; sourceTree = "<group>"; };
		6B36FD69269AAFD70087A6BA /* CIrcleImage.swift */ = {isa = PBXFileReference; lastKnownFileType = sourcecode.swift; path = CIrcleImage.swift; sourceTree = "<group>"; };
		6B36FD6B269AB3480087A6BA /* MapView.swift */ = {isa = PBXFileReference; lastKnownFileType = sourcecode.swift; path = MapView.swift; sourceTree = "<group>"; };
		6B36FD6D269AB7DA0087A6BA /* landmarkData.json */ = {isa = PBXFileReference; fileEncoding = 4; lastKnownFileType = text.json; path = landmarkData.json; sourceTree = "<group>"; };
		6B36FD6F269AB8160087A6BA /* Landmark.swift */ = {isa = PBXFileReference; lastKnownFileType = sourcecode.swift; path = Landmark.swift; sourceTree = "<group>"; };
		6B36FD71269ABA4F0087A6BA /* ModelData.swift */ = {isa = PBXFileReference; lastKnownFileType = sourcecode.swift; path = ModelData.swift; sourceTree = "<group>"; };
		6B36FD76269ABEE50087A6BA /* LandmarkRow.swift */ = {isa = PBXFileReference; lastKnownFileType = sourcecode.swift; path = LandmarkRow.swift; sourceTree = "<group>"; };
		6B36FD78269AC17B0087A6BA /* LandmarkList.swift */ = {isa = PBXFileReference; lastKnownFileType = sourcecode.swift; path = LandmarkList.swift; sourceTree = "<group>"; };
		6B36FD7A269BA1D40087A6BA /* LandmarkDetail.swift */ = {isa = PBXFileReference; lastKnownFileType = sourcecode.swift; path = LandmarkDetail.swift; sourceTree = "<group>"; };
		6B6434A22692C4D500E3B7ED /* Landmarks.app */ = {isa = PBXFileReference; explicitFileType = wrapper.application; includeInIndex = 0; path = Landmarks.app; sourceTree = BUILT_PRODUCTS_DIR; };
		6B6434A52692C4D500E3B7ED /* LandmarksApp.swift */ = {isa = PBXFileReference; lastKnownFileType = sourcecode.swift; path = LandmarksApp.swift; sourceTree = "<group>"; };
		6B6434A72692C4D500E3B7ED /* ContentView.swift */ = {isa = PBXFileReference; lastKnownFileType = sourcecode.swift; path = ContentView.swift; sourceTree = "<group>"; };
		6B6434A92692C4D800E3B7ED /* Assets.xcassets */ = {isa = PBXFileReference; lastKnownFileType = folder.assetcatalog; path = Assets.xcassets; sourceTree = "<group>"; };
		6B6434AC2692C4D800E3B7ED /* Preview Assets.xcassets */ = {isa = PBXFileReference; lastKnownFileType = folder.assetcatalog; path = "Preview Assets.xcassets"; sourceTree = "<group>"; };
		6B6434AE2692C4D800E3B7ED /* Info.plist */ = {isa = PBXFileReference; lastKnownFileType = text.plist.xml; path = Info.plist; sourceTree = "<group>"; };
		6B6434B32692C4D800E3B7ED /* LandmarksTests.xctest */ = {isa = PBXFileReference; explicitFileType = wrapper.cfbundle; includeInIndex = 0; path = LandmarksTests.xctest; sourceTree = BUILT_PRODUCTS_DIR; };
		6B6434B72692C4D800E3B7ED /* LandmarksTests.swift */ = {isa = PBXFileReference; lastKnownFileType = sourcecode.swift; path = LandmarksTests.swift; sourceTree = "<group>"; };
		6B6434B92692C4D800E3B7ED /* Info.plist */ = {isa = PBXFileReference; lastKnownFileType = text.plist.xml; path = Info.plist; sourceTree = "<group>"; };
		6B6434BE2692C4D800E3B7ED /* LandmarksUITests.xctest */ = {isa = PBXFileReference; explicitFileType = wrapper.cfbundle; includeInIndex = 0; path = LandmarksUITests.xctest; sourceTree = BUILT_PRODUCTS_DIR; };
		6B6434C22692C4D800E3B7ED /* LandmarksUITests.swift */ = {isa = PBXFileReference; lastKnownFileType = sourcecode.swift; path = LandmarksUITests.swift; sourceTree = "<group>"; };
		6B6434C42692C4D800E3B7ED /* Info.plist */ = {isa = PBXFileReference; lastKnownFileType = text.plist.xml; path = Info.plist; sourceTree = "<group>"; };
/* End PBXFileReference section */

/* Begin PBXFrameworksBuildPhase section */
		6B64349F2692C4D500E3B7ED /* Frameworks */ = {
			isa = PBXFrameworksBuildPhase;
			buildActionMask = 2147483647;
			files = (
			);
			runOnlyForDeploymentPostprocessing = 0;
		};
		6B6434B02692C4D800E3B7ED /* Frameworks */ = {
			isa = PBXFrameworksBuildPhase;
			buildActionMask = 2147483647;
			files = (
			);
			runOnlyForDeploymentPostprocessing = 0;
		};
		6B6434BB2692C4D800E3B7ED /* Frameworks */ = {
			isa = PBXFrameworksBuildPhase;
			buildActionMask = 2147483647;
			files = (
			);
			runOnlyForDeploymentPostprocessing = 0;
		};
/* End PBXFrameworksBuildPhase section */

/* Begin PBXGroup section */
		6B30FB1D269E470C0072E24D /* Landmarks */ = {
			isa = PBXGroup;
			children = (
				6B36FD76269ABEE50087A6BA /* LandmarkRow.swift */,
				6B36FD78269AC17B0087A6BA /* LandmarkList.swift */,
				6B36FD7A269BA1D40087A6BA /* LandmarkDetail.swift */,
			);
			path = Landmarks;
			sourceTree = "<group>";
		};
		6B30FB1E269E47240072E24D /* Helpers */ = {
			isa = PBXGroup;
			children = (
				6B36FD69269AAFD70087A6BA /* CIrcleImage.swift */,
				6B36FD6B269AB3480087A6BA /* MapView.swift */,
				6B30FB1B269E45F40072E24D /* FavoriteButton.swift */,
			);
			path = Helpers;
			sourceTree = "<group>";
		};
		6B36FD73269ABE1A0087A6BA /* Views */ = {
			isa = PBXGroup;
			children = (
				6B6434A72692C4D500E3B7ED /* ContentView.swift */,
				6B30FB1E269E47240072E24D /* Helpers */,
				6B30FB1D269E470C0072E24D /* Landmarks */,
			);
			path = Views;
			sourceTree = "<group>";
		};
		6B36FD74269ABE3C0087A6BA /* Model */ = {
			isa = PBXGroup;
			children = (
				6B36FD6F269AB8160087A6BA /* Landmark.swift */,
				6B36FD71269ABA4F0087A6BA /* ModelData.swift */,
			);
			path = Model;
			sourceTree = "<group>";
		};
		6B36FD75269ABE540087A6BA /* Resources */ = {
			isa = PBXGroup;
			children = (
			);
			path = Resources;
			sourceTree = "<group>";
		};
		6B6434992692C4D500E3B7ED = {
			isa = PBXGroup;
			children = (
				6B36FD6D269AB7DA0087A6BA /* landmarkData.json */,
				6B36FD75269ABE540087A6BA /* Resources */,
				6B6434A42692C4D500E3B7ED /* Landmarks */,
				6B6434B62692C4D800E3B7ED /* LandmarksTests */,
				6B6434C12692C4D800E3B7ED /* LandmarksUITests */,
				6B6434A32692C4D500E3B7ED /* Products */,
			);
			sourceTree = "<group>";
		};
		6B6434A32692C4D500E3B7ED /* Products */ = {
			isa = PBXGroup;
			children = (
				6B6434A22692C4D500E3B7ED /* Landmarks.app */,
				6B6434B32692C4D800E3B7ED /* LandmarksTests.xctest */,
				6B6434BE2692C4D800E3B7ED /* LandmarksUITests.xctest */,
			);
			name = Products;
			sourceTree = "<group>";
		};
		6B6434A42692C4D500E3B7ED /* Landmarks */ = {
			isa = PBXGroup;
			children = (
				6B6434A52692C4D500E3B7ED /* LandmarksApp.swift */,
				6B36FD73269ABE1A0087A6BA /* Views */,
				6B6434A92692C4D800E3B7ED /* Assets.xcassets */,
				6B6434AE2692C4D800E3B7ED /* Info.plist */,
				6B6434AB2692C4D800E3B7ED /* Preview Content */,
				6B36FD74269ABE3C0087A6BA /* Model */,
			);
			path = Landmarks;
			sourceTree = "<group>";
		};
		6B6434AB2692C4D800E3B7ED /* Preview Content */ = {
			isa = PBXGroup;
			children = (
				6B6434AC2692C4D800E3B7ED /* Preview Assets.xcassets */,
			);
			path = "Preview Content";
			sourceTree = "<group>";
		};
		6B6434B62692C4D800E3B7ED /* LandmarksTests */ = {
			isa = PBXGroup;
			children = (
				6B6434B72692C4D800E3B7ED /* LandmarksTests.swift */,
				6B6434B92692C4D800E3B7ED /* Info.plist */,
			);
			path = LandmarksTests;
			sourceTree = "<group>";
		};
		6B6434C12692C4D800E3B7ED /* LandmarksUITests */ = {
			isa = PBXGroup;
			children = (
				6B6434C22692C4D800E3B7ED /* LandmarksUITests.swift */,
				6B6434C42692C4D800E3B7ED /* Info.plist */,
			);
			path = LandmarksUITests;
			sourceTree = "<group>";
		};
/* End PBXGroup section */

/* Begin PBXNativeTarget section */
		6B6434A12692C4D500E3B7ED /* Landmarks */ = {
			isa = PBXNativeTarget;
			buildConfigurationList = 6B6434C72692C4D800E3B7ED /* Build configuration list for PBXNativeTarget "Landmarks" */;
			buildPhases = (
				6B64349E2692C4D500E3B7ED /* Sources */,
				6B64349F2692C4D500E3B7ED /* Frameworks */,
				6B6434A02692C4D500E3B7ED /* Resources */,
			);
			buildRules = (
			);
			dependencies = (
			);
			name = Landmarks;
			productName = Landmarks;
			productReference = 6B6434A22692C4D500E3B7ED /* Landmarks.app */;
			productType = "com.apple.product-type.application";
		};
		6B6434B22692C4D800E3B7ED /* LandmarksTests */ = {
			isa = PBXNativeTarget;
			buildConfigurationList = 6B6434CA2692C4D800E3B7ED /* Build configuration list for PBXNativeTarget "LandmarksTests" */;
			buildPhases = (
				6B6434AF2692C4D800E3B7ED /* Sources */,
				6B6434B02692C4D800E3B7ED /* Frameworks */,
				6B6434B12692C4D800E3B7ED /* Resources */,
			);
			buildRules = (
			);
			dependencies = (
				6B6434B52692C4D800E3B7ED /* PBXTargetDependency */,
			);
			name = LandmarksTests;
			productName = LandmarksTests;
			productReference = 6B6434B32692C4D800E3B7ED /* LandmarksTests.xctest */;
			productType = "com.apple.product-type.bundle.unit-test";
		};
		6B6434BD2692C4D800E3B7ED /* LandmarksUITests */ = {
			isa = PBXNativeTarget;
			buildConfigurationList = 6B6434CD2692C4D800E3B7ED /* Build configuration list for PBXNativeTarget "LandmarksUITests" */;
			buildPhases = (
				6B6434BA2692C4D800E3B7ED /* Sources */,
				6B6434BB2692C4D800E3B7ED /* Frameworks */,
				6B6434BC2692C4D800E3B7ED /* Resources */,
			);
			buildRules = (
			);
			dependencies = (
				6B6434C02692C4D800E3B7ED /* PBXTargetDependency */,
			);
			name = LandmarksUITests;
			productName = LandmarksUITests;
			productReference = 6B6434BE2692C4D800E3B7ED /* LandmarksUITests.xctest */;
			productType = "com.apple.product-type.bundle.ui-testing";
		};
/* End PBXNativeTarget section */

/* Begin PBXProject section */
		6B64349A2692C4D500E3B7ED /* Project object */ = {
			isa = PBXProject;
			attributes = {
				LastSwiftUpdateCheck = 1250;
				LastUpgradeCheck = 1250;
				TargetAttributes = {
					6B6434A12692C4D500E3B7ED = {
						CreatedOnToolsVersion = 12.5.1;
					};
					6B6434B22692C4D800E3B7ED = {
						CreatedOnToolsVersion = 12.5.1;
						TestTargetID = 6B6434A12692C4D500E3B7ED;
					};
					6B6434BD2692C4D800E3B7ED = {
						CreatedOnToolsVersion = 12.5.1;
						TestTargetID = 6B6434A12692C4D500E3B7ED;
					};
				};
			};
			buildConfigurationList = 6B64349D2692C4D500E3B7ED /* Build configuration list for PBXProject "Landmarks" */;
			compatibilityVersion = "Xcode 9.3";
			developmentRegion = en;
			hasScannedForEncodings = 0;
			knownRegions = (
				en,
				Base,
			);
			mainGroup = 6B6434992692C4D500E3B7ED;
			productRefGroup = 6B6434A32692C4D500E3B7ED /* Products */;
			projectDirPath = "";
			projectRoot = "";
			targets = (
				6B6434A12692C4D500E3B7ED /* Landmarks */,
				6B6434B22692C4D800E3B7ED /* LandmarksTests */,
				6B6434BD2692C4D800E3B7ED /* LandmarksUITests */,
			);
		};
/* End PBXProject section */

/* Begin PBXResourcesBuildPhase section */
		6B6434A02692C4D500E3B7ED /* Resources */ = {
			isa = PBXResourcesBuildPhase;
			buildActionMask = 2147483647;
			files = (
				6B6434AD2692C4D800E3B7ED /* Preview Assets.xcassets in Resources */,
				6B6434AA2692C4D800E3B7ED /* Assets.xcassets in Resources */,
				6B36FD6E269AB7DA0087A6BA /* landmarkData.json in Resources */,
			);
			runOnlyForDeploymentPostprocessing = 0;
		};
		6B6434B12692C4D800E3B7ED /* Resources */ = {
			isa = PBXResourcesBuildPhase;
			buildActionMask = 2147483647;
			files = (
			);
			runOnlyForDeploymentPostprocessing = 0;
		};
		6B6434BC2692C4D800E3B7ED /* Resources */ = {
			isa = PBXResourcesBuildPhase;
			buildActionMask = 2147483647;
			files = (
			);
			runOnlyForDeploymentPostprocessing = 0;
		};
/* End PBXResourcesBuildPhase section */

/* Begin PBXSourcesBuildPhase section */
		6B64349E2692C4D500E3B7ED /* Sources */ = {
			isa = PBXSourcesBuildPhase;
			buildActionMask = 2147483647;
			files = (
				6B6434A82692C4D500E3B7ED /* ContentView.swift in Sources */,
				6B36FD6C269AB3480087A6BA /* MapView.swift in Sources */,
				6B36FD6A269AAFD70087A6BA /* CIrcleImage.swift in Sources */,
				6B30FB1C269E45F40072E24D /* FavoriteButton.swift in Sources */,
				6B36FD79269AC17B0087A6BA /* LandmarkList.swift in Sources */,
				6B36FD7B269BA1D40087A6BA /* LandmarkDetail.swift in Sources */,
				6B6434A62692C4D500E3B7ED /* LandmarksApp.swift in Sources */,
				6B36FD70269AB8160087A6BA /* Landmark.swift in Sources */,
				6B36FD77269ABEE50087A6BA /* LandmarkRow.swift in Sources */,
				6B36FD72269ABA4F0087A6BA /* ModelData.swift in Sources */,
			);
			runOnlyForDeploymentPostprocessing = 0;
		};
		6B6434AF2692C4D800E3B7ED /* Sources */ = {
			isa = PBXSourcesBuildPhase;
			buildActionMask = 2147483647;
			files = (
				6B6434B82692C4D800E3B7ED /* LandmarksTests.swift in Sources */,
			);
			runOnlyForDeploymentPostprocessing = 0;
		};
		6B6434BA2692C4D800E3B7ED /* Sources */ = {
			isa = PBXSourcesBuildPhase;
			buildActionMask = 2147483647;
			files = (
				6B6434C32692C4D800E3B7ED /* LandmarksUITests.swift in Sources */,
			);
			runOnlyForDeploymentPostprocessing = 0;
		};
/* End PBXSourcesBuildPhase section */

/* Begin PBXTargetDependency section */
		6B6434B52692C4D800E3B7ED /* PBXTargetDependency */ = {
			isa = PBXTargetDependency;
			target = 6B6434A12692C4D500E3B7ED /* Landmarks */;
			targetProxy = 6B6434B42692C4D800E3B7ED /* PBXContainerItemProxy */;
		};
		6B6434C02692C4D800E3B7ED /* PBXTargetDependency */ = {
			isa = PBXTargetDependency;
			target = 6B6434A12692C4D500E3B7ED /* Landmarks */;
			targetProxy = 6B6434BF2692C4D800E3B7ED /* PBXContainerItemProxy */;
		};
/* End PBXTargetDependency section */

/* Begin XCBuildConfiguration section */
		6B6434C52692C4D800E3B7ED /* Debug */ = {
			isa = XCBuildConfiguration;
			buildSettings = {
				ALWAYS_SEARCH_USER_PATHS = NO;
				CLANG_ANALYZER_NONNULL = YES;
				CLANG_ANALYZER_NUMBER_OBJECT_CONVERSION = YES_AGGRESSIVE;
				CLANG_CXX_LANGUAGE_STANDARD = "gnu++14";
				CLANG_CXX_LIBRARY = "libc++";
				CLANG_ENABLE_MODULES = YES;
				CLANG_ENABLE_OBJC_ARC = YES;
				CLANG_ENABLE_OBJC_WEAK = YES;
				CLANG_WARN_BLOCK_CAPTURE_AUTORELEASING = YES;
				CLANG_WARN_BOOL_CONVERSION = YES;
				CLANG_WARN_COMMA = YES;
				CLANG_WARN_CONSTANT_CONVERSION = YES;
				CLANG_WARN_DEPRECATED_OBJC_IMPLEMENTATIONS = YES;
				CLANG_WARN_DIRECT_OBJC_ISA_USAGE = YES_ERROR;
				CLANG_WARN_DOCUMENTATION_COMMENTS = YES;
				CLANG_WARN_EMPTY_BODY = YES;
				CLANG_WARN_ENUM_CONVERSION = YES;
				CLANG_WARN_INFINITE_RECURSION = YES;
				CLANG_WARN_INT_CONVERSION = YES;
				CLANG_WARN_NON_LITERAL_NULL_CONVERSION = YES;
				CLANG_WARN_OBJC_IMPLICIT_RETAIN_SELF = YES;
				CLANG_WARN_OBJC_LITERAL_CONVERSION = YES;
				CLANG_WARN_OBJC_ROOT_CLASS = YES_ERROR;
				CLANG_WARN_QUOTED_INCLUDE_IN_FRAMEWORK_HEADER = YES;
				CLANG_WARN_RANGE_LOOP_ANALYSIS = YES;
				CLANG_WARN_STRICT_PROTOTYPES = YES;
				CLANG_WARN_SUSPICIOUS_MOVE = YES;
				CLANG_WARN_UNGUARDED_AVAILABILITY = YES_AGGRESSIVE;
				CLANG_WARN_UNREACHABLE_CODE = YES;
				CLANG_WARN__DUPLICATE_METHOD_MATCH = YES;
				COPY_PHASE_STRIP = NO;
				DEBUG_INFORMATION_FORMAT = dwarf;
				ENABLE_STRICT_OBJC_MSGSEND = YES;
				ENABLE_TESTABILITY = YES;
				GCC_C_LANGUAGE_STANDARD = gnu11;
				GCC_DYNAMIC_NO_PIC = NO;
				GCC_NO_COMMON_BLOCKS = YES;
				GCC_OPTIMIZATION_LEVEL = 0;
				GCC_PREPROCESSOR_DEFINITIONS = (
					"DEBUG=1",
					"$(inherited)",
				);
				GCC_WARN_64_TO_32_BIT_CONVERSION = YES;
				GCC_WARN_ABOUT_RETURN_TYPE = YES_ERROR;
				GCC_WARN_UNDECLARED_SELECTOR = YES;
				GCC_WARN_UNINITIALIZED_AUTOS = YES_AGGRESSIVE;
				GCC_WARN_UNUSED_FUNCTION = YES;
				GCC_WARN_UNUSED_VARIABLE = YES;
				IPHONEOS_DEPLOYMENT_TARGET = 14.5;
				MTL_ENABLE_DEBUG_INFO = INCLUDE_SOURCE;
				MTL_FAST_MATH = YES;
				ONLY_ACTIVE_ARCH = YES;
				SDKROOT = iphoneos;
				SWIFT_ACTIVE_COMPILATION_CONDITIONS = DEBUG;
				SWIFT_OPTIMIZATION_LEVEL = "-Onone";
			};
			name = Debug;
		};
		6B6434C62692C4D800E3B7ED /* Release */ = {
			isa = XCBuildConfiguration;
			buildSettings = {
				ALWAYS_SEARCH_USER_PATHS = NO;
				CLANG_ANALYZER_NONNULL = YES;
				CLANG_ANALYZER_NUMBER_OBJECT_CONVERSION = YES_AGGRESSIVE;
				CLANG_CXX_LANGUAGE_STANDARD = "gnu++14";
				CLANG_CXX_LIBRARY = "libc++";
				CLANG_ENABLE_MODULES = YES;
				CLANG_ENABLE_OBJC_ARC = YES;
				CLANG_ENABLE_OBJC_WEAK = YES;
				CLANG_WARN_BLOCK_CAPTURE_AUTORELEASING = YES;
				CLANG_WARN_BOOL_CONVERSION = YES;
				CLANG_WARN_COMMA = YES;
				CLANG_WARN_CONSTANT_CONVERSION = YES;
				CLANG_WARN_DEPRECATED_OBJC_IMPLEMENTATIONS = YES;
				CLANG_WARN_DIRECT_OBJC_ISA_USAGE = YES_ERROR;
				CLANG_WARN_DOCUMENTATION_COMMENTS = YES;
				CLANG_WARN_EMPTY_BODY = YES;
				CLANG_WARN_ENUM_CONVERSION = YES;
				CLANG_WARN_INFINITE_RECURSION = YES;
				CLANG_WARN_INT_CONVERSION = YES;
				CLANG_WARN_NON_LITERAL_NULL_CONVERSION = YES;
				CLANG_WARN_OBJC_IMPLICIT_RETAIN_SELF = YES;
				CLANG_WARN_OBJC_LITERAL_CONVERSION = YES;
				CLANG_WARN_OBJC_ROOT_CLASS = YES_ERROR;
				CLANG_WARN_QUOTED_INCLUDE_IN_FRAMEWORK_HEADER = YES;
				CLANG_WARN_RANGE_LOOP_ANALYSIS = YES;
				CLANG_WARN_STRICT_PROTOTYPES = YES;
				CLANG_WARN_SUSPICIOUS_MOVE = YES;
				CLANG_WARN_UNGUARDED_AVAILABILITY = YES_AGGRESSIVE;
				CLANG_WARN_UNREACHABLE_CODE = YES;
				CLANG_WARN__DUPLICATE_METHOD_MATCH = YES;
				COPY_PHASE_STRIP = NO;
				DEBUG_INFORMATION_FORMAT = "dwarf-with-dsym";
				ENABLE_NS_ASSERTIONS = NO;
				ENABLE_STRICT_OBJC_MSGSEND = YES;
				GCC_C_LANGUAGE_STANDARD = gnu11;
				GCC_NO_COMMON_BLOCKS = YES;
				GCC_WARN_64_TO_32_BIT_CONVERSION = YES;
				GCC_WARN_ABOUT_RETURN_TYPE = YES_ERROR;
				GCC_WARN_UNDECLARED_SELECTOR = YES;
				GCC_WARN_UNINITIALIZED_AUTOS = YES_AGGRESSIVE;
				GCC_WARN_UNUSED_FUNCTION = YES;
				GCC_WARN_UNUSED_VARIABLE = YES;
				IPHONEOS_DEPLOYMENT_TARGET = 14.5;
				MTL_ENABLE_DEBUG_INFO = NO;
				MTL_FAST_MATH = YES;
				SDKROOT = iphoneos;
				SWIFT_COMPILATION_MODE = wholemodule;
				SWIFT_OPTIMIZATION_LEVEL = "-O";
				VALIDATE_PRODUCT = YES;
			};
			name = Release;
		};
		6B6434C82692C4D800E3B7ED /* Debug */ = {
			isa = XCBuildConfiguration;
			buildSettings = {
				ASSETCATALOG_COMPILER_APPICON_NAME = AppIcon;
				ASSETCATALOG_COMPILER_GLOBAL_ACCENT_COLOR_NAME = AccentColor;
				CODE_SIGN_IDENTITY = "Apple Development";
				CODE_SIGN_STYLE = Automatic;
				DEVELOPMENT_ASSET_PATHS = "\"Landmarks/Preview Content\"";
				DEVELOPMENT_TEAM = 2Q47NAPG2B;
				ENABLE_PREVIEWS = YES;
				INFOPLIST_FILE = Landmarks/Info.plist;
				IPHONEOS_DEPLOYMENT_TARGET = 14.0;
				LD_RUNPATH_SEARCH_PATHS = (
					"$(inherited)",
					"@executable_path/Frameworks",
				);
				PRODUCT_BUNDLE_IDENTIFIER = GeekyBrains.Landmarks;
				PRODUCT_NAME = "$(TARGET_NAME)";
				PROVISIONING_PROFILE_SPECIFIER = "";
				SWIFT_VERSION = 5.0;
				TARGETED_DEVICE_FAMILY = "1,2";
			};
			name = Debug;
		};
		6B6434C92692C4D800E3B7ED /* Release */ = {
			isa = XCBuildConfiguration;
			buildSettings = {
				ASSETCATALOG_COMPILER_APPICON_NAME = AppIcon;
				ASSETCATALOG_COMPILER_GLOBAL_ACCENT_COLOR_NAME = AccentColor;
				CODE_SIGN_IDENTITY = "Apple Development";
				CODE_SIGN_STYLE = Automatic;
				DEVELOPMENT_ASSET_PATHS = "\"Landmarks/Preview Content\"";
				DEVELOPMENT_TEAM = 2Q47NAPG2B;
				ENABLE_PREVIEWS = YES;
				INFOPLIST_FILE = Landmarks/Info.plist;
				IPHONEOS_DEPLOYMENT_TARGET = 14.0;
				LD_RUNPATH_SEARCH_PATHS = (
					"$(inherited)",
					"@executable_path/Frameworks",
				);
				PRODUCT_BUNDLE_IDENTIFIER = GeekyBrains.Landmarks;
				PRODUCT_NAME = "$(TARGET_NAME)";
				PROVISIONING_PROFILE_SPECIFIER = "";
				SWIFT_VERSION = 5.0;
				TARGETED_DEVICE_FAMILY = "1,2";
			};
			name = Release;
		};
		6B6434CB2692C4D800E3B7ED /* Debug */ = {
			isa = XCBuildConfiguration;
			buildSettings = {
				ALWAYS_EMBED_SWIFT_STANDARD_LIBRARIES = YES;
				BUNDLE_LOADER = "$(TEST_HOST)";
				CODE_SIGN_STYLE = Automatic;
				INFOPLIST_FILE = LandmarksTests/Info.plist;
				IPHONEOS_DEPLOYMENT_TARGET = 14.0;
				LD_RUNPATH_SEARCH_PATHS = (
					"$(inherited)",
					"@executable_path/Frameworks",
					"@loader_path/Frameworks",
				);
				PRODUCT_BUNDLE_IDENTIFIER = GeekyBrains.LandmarksTests;
				PRODUCT_NAME = "$(TARGET_NAME)";
				SWIFT_VERSION = 5.0;
				TARGETED_DEVICE_FAMILY = "1,2";
				TEST_HOST = "$(BUILT_PRODUCTS_DIR)/Landmarks.app/Landmarks";
			};
			name = Debug;
		};
		6B6434CC2692C4D800E3B7ED /* Release */ = {
			isa = XCBuildConfiguration;
			buildSettings = {
				ALWAYS_EMBED_SWIFT_STANDARD_LIBRARIES = YES;
				BUNDLE_LOADER = "$(TEST_HOST)";
				CODE_SIGN_STYLE = Automatic;
				INFOPLIST_FILE = LandmarksTests/Info.plist;
				IPHONEOS_DEPLOYMENT_TARGET = 14.0;
				LD_RUNPATH_SEARCH_PATHS = (
					"$(inherited)",
					"@executable_path/Frameworks",
					"@loader_path/Frameworks",
				);
				PRODUCT_BUNDLE_IDENTIFIER = GeekyBrains.LandmarksTests;
				PRODUCT_NAME = "$(TARGET_NAME)";
				SWIFT_VERSION = 5.0;
				TARGETED_DEVICE_FAMILY = "1,2";
				TEST_HOST = "$(BUILT_PRODUCTS_DIR)/Landmarks.app/Landmarks";
			};
			name = Release;
		};
		6B6434CE2692C4D800E3B7ED /* Debug */ = {
			isa = XCBuildConfiguration;
			buildSettings = {
				ALWAYS_EMBED_SWIFT_STANDARD_LIBRARIES = YES;
				CODE_SIGN_STYLE = Automatic;
				INFOPLIST_FILE = LandmarksUITests/Info.plist;
				LD_RUNPATH_SEARCH_PATHS = (
					"$(inherited)",
					"@executable_path/Frameworks",
					"@loader_path/Frameworks",
				);
				PRODUCT_BUNDLE_IDENTIFIER = GeekyBrains.LandmarksUITests;
				PRODUCT_NAME = "$(TARGET_NAME)";
				SWIFT_VERSION = 5.0;
				TARGETED_DEVICE_FAMILY = "1,2";
				TEST_TARGET_NAME = Landmarks;
			};
			name = Debug;
		};
		6B6434CF2692C4D800E3B7ED /* Release */ = {
			isa = XCBuildConfiguration;
			buildSettings = {
				ALWAYS_EMBED_SWIFT_STANDARD_LIBRARIES = YES;
				CODE_SIGN_STYLE = Automatic;
				INFOPLIST_FILE = LandmarksUITests/Info.plist;
				LD_RUNPATH_SEARCH_PATHS = (
					"$(inherited)",
					"@executable_path/Frameworks",
					"@loader_path/Frameworks",
				);
				PRODUCT_BUNDLE_IDENTIFIER = GeekyBrains.LandmarksUITests;
				PRODUCT_NAME = "$(TARGET_NAME)";
				SWIFT_VERSION = 5.0;
				TARGETED_DEVICE_FAMILY = "1,2";
				TEST_TARGET_NAME = Landmarks;
			};
			name = Release;
		};
/* End XCBuildConfiguration section */

/* Begin XCConfigurationList section */
		6B64349D2692C4D500E3B7ED /* Build configuration list for PBXProject "Landmarks" */ = {
			isa = XCConfigurationList;
			buildConfigurations = (
				6B6434C52692C4D800E3B7ED /* Debug */,
				6B6434C62692C4D800E3B7ED /* Release */,
			);
			defaultConfigurationIsVisible = 0;
			defaultConfigurationName = Release;
		};
		6B6434C72692C4D800E3B7ED /* Build configuration list for PBXNativeTarget "Landmarks" */ = {
			isa = XCConfigurationList;
			buildConfigurations = (
				6B6434C82692C4D800E3B7ED /* Debug */,
				6B6434C92692C4D800E3B7ED /* Release */,
			);
			defaultConfigurationIsVisible = 0;
			defaultConfigurationName = Release;
		};
		6B6434CA2692C4D800E3B7ED /* Build configuration list for PBXNativeTarget "LandmarksTests" */ = {
			isa = XCConfigurationList;
			buildConfigurations = (
				6B6434CB2692C4D800E3B7ED /* Debug */,
				6B6434CC2692C4D800E3B7ED /* Release */,
			);
			defaultConfigurationIsVisible = 0;
			defaultConfigurationName = Release;
		};
		6B6434CD2692C4D800E3B7ED /* Build configuration list for PBXNativeTarget "LandmarksUITests" */ = {
			isa = XCConfigurationList;
			buildConfigurations = (
				6B6434CE2692C4D800E3B7ED /* Debug */,
				6B6434CF2692C4D800E3B7ED /* Release */,
			);
			defaultConfigurationIsVisible = 0;
			defaultConfigurationName = Release;
		};
/* End XCConfigurationList section */
	};
	rootObject = 6B64349A2692C4D500E3B7ED /* Project object */;
}
